
Microsoft Visual Studio Solution File, Format Version 12.00
# Visual Studio Version 17
VisualStudioVersion = 17.5.33424.131
MinimumVisualStudioVersion = 10.0.40219.1
Project("{8BC9CEB8-8B4A-11D0-8D11-00A0C91BC942}") = "Lab00.Test", "Lab00.Test\Lab00.Test.vcxproj", "{DFDF33E5-B59F-4353-8EFB-567FF4C41893}"
EndProject
Project("{2150E333-8FDC-42A3-9474-1A3956D46DE8}") = "ITMO.CppCourse.Lab01", "ITMO.CppCourse.Lab01", "{96BA54C5-2282-4011-AFF9-B85342612327}"
EndProject
Project("{2150E333-8FDC-42A3-9474-1A3956D46DE8}") = "ITMO.CppCourse.Lab02", "ITMO.CppCourse.Lab02", "{0460F43B-35E3-47C3-8887-94E9C6356256}"
EndProject
Project("{8BC9CEB8-8B4A-11D0-8D11-00A0C91BC942}") = "Lab01.Task01", "Lab01.Task01\Lab01.Task01.vcxproj", "{5BCF3228-AB18-4BF9-8D4B-70CF9361F803}"
EndProject
Project("{8BC9CEB8-8B4A-11D0-8D11-00A0C91BC942}") = "Lab01.Task02", "Lab01.Task02\Lab01.Task02.vcxproj", "{847F7826-9460-49F3-8FCB-FE5BD518D444}"
EndProject
Project("{8BC9CEB8-8B4A-11D0-8D11-00A0C91BC942}") = "Lab01.Task03", "Lab01.Task03\Lab01.Task03.vcxproj", "{D4ACDCBB-383F-4519-B9D9-C45A9D37F653}"
EndProject
Project("{8BC9CEB8-8B4A-11D0-8D11-00A0C91BC942}") = "Lab01.ControlTask", "Lab01.ControlTask\Lab01.ControlTask.vcxproj", "{FD005140-2F25-4982-9C3B-7FE344CF8E53}"
EndProject
Project("{8BC9CEB8-8B4A-11D0-8D11-00A0C91BC942}") = "Lab02.Task01", "Lab02.Task01\Lab02.Task01.vcxproj", "{EB5F2D26-FB11-47EB-8C26-4F80A01CB71D}"
EndProject
Project("{8BC9CEB8-8B4A-11D0-8D11-00A0C91BC942}") = "Lab02.Task02", "Lab02.Task02\Lab02.Task02.vcxproj", "{1A66C12F-2EC0-46B2-9340-4CAFDE5ACF03}"
EndProject
Project("{8BC9CEB8-8B4A-11D0-8D11-00A0C91BC942}") = "Lab02.Task03", "Lab02.Task03\Lab02.Task03.vcxproj", "{1043E3F5-A1BC-454E-A4B9-F437326A3035}"
EndProject
Project("{8BC9CEB8-8B4A-11D0-8D11-00A0C91BC942}") = "Lab02.Task04", "Lab02.Task04\Lab02.Task04.vcxproj", "{8C2FF5E8-FB22-4FC7-B65E-43FFD8D70F75}"
EndProject
Project("{8BC9CEB8-8B4A-11D0-8D11-00A0C91BC942}") = "Lab02.ControlTask01", "Lab02.ControlTask01\Lab02.ControlTask01.vcxproj", "{1C101CB4-D20A-4AB2-AE92-6C655DEF5418}"
EndProject
Project("{8BC9CEB8-8B4A-11D0-8D11-00A0C91BC942}") = "Lab02.ControlTask02", "Lab02.ControlTask02\Lab02.ControlTask02.vcxproj", "{05827487-10CA-4824-A09E-3D787DCE0943}"
EndProject
Project("{8BC9CEB8-8B4A-11D0-8D11-00A0C91BC942}") = "Lab02.ControlTask03", "Lab02.ControlTask03\Lab02.ControlTask03.vcxproj", "{424CB9AA-8B3C-4196-81EA-84CD19DD5ADB}"
EndProject
Project("{8BC9CEB8-8B4A-11D0-8D11-00A0C91BC942}") = "Lab02.ControlTask04", "Lab02.ControlTask04\Lab02.ControlTask04.vcxproj", "{ACC92FC0-4D71-4973-92BE-3C743301F6DA}"
EndProject
Project("{2150E333-8FDC-42A3-9474-1A3956D46DE8}") = "ITMO.CppCourse.Lab03", "ITMO.CppCourse.Lab03", "{D19C2558-D55F-4EA5-9246-95406EC489D4}"
EndProject
Project("{8BC9CEB8-8B4A-11D0-8D11-00A0C91BC942}") = "Lab03.Task01.Ex01", "Lab03.Task01.Ex01\Lab03.Task01.Ex01.vcxproj", "{C62125E9-9D46-4F03-9661-32F064444A83}"
EndProject
Project("{8BC9CEB8-8B4A-11D0-8D11-00A0C91BC942}") = "Lab03.Task01.Ex02", "Lab03.Task01.Ex02\Lab03.Task01.Ex02.vcxproj", "{43C545BF-571C-4247-83A5-7F801859D8A6}"
EndProject
Project("{8BC9CEB8-8B4A-11D0-8D11-00A0C91BC942}") = "Lab03.Task02", "Lab03.Task02\Lab03.Task02.vcxproj", "{DF980E42-9806-4F1F-8916-F69373E6FC33}"
EndProject
Project("{8BC9CEB8-8B4A-11D0-8D11-00A0C91BC942}") = "Lab03.Task03", "Lab03.Task03\Lab03.Task03.vcxproj", "{C0841DC7-9A57-4C72-A7E5-ACC689390679}"
EndProject
Project("{8BC9CEB8-8B4A-11D0-8D11-00A0C91BC942}") = "Lab03.Task04", "Lab03.Task04\Lab03.Task04.vcxproj", "{29539BA0-4D7C-408B-8E0F-F0DD6B0420CC}"
EndProject
Project("{8BC9CEB8-8B4A-11D0-8D11-00A0C91BC942}") = "Lab03.ControlTask01", "Lab03.ControlTask01\Lab03.ControlTask01.vcxproj", "{6F9ACFEF-F7AB-43F1-8626-94D1BDF76F49}"
EndProject
Project("{8BC9CEB8-8B4A-11D0-8D11-00A0C91BC942}") = "Lab03.ControlTask02", "Lab03.ControlTask02\Lab03.ControlTask02.vcxproj", "{8A88F94D-DE49-4D3F-A083-D398CD4B766F}"
EndProject
Project("{8BC9CEB8-8B4A-11D0-8D11-00A0C91BC942}") = "Lab03.ControlTask03", "Lab03.ControlTask03\Lab03.ControlTask03.vcxproj", "{C5960B8B-4499-47CD-97FF-F1A7E22A78B8}"
EndProject
Project("{8BC9CEB8-8B4A-11D0-8D11-00A0C91BC942}") = "Lab03.ControlTask04", "Lab03.ControlTask04\Lab03.ControlTask04.vcxproj", "{97DCC9A4-D3AE-45D8-8E76-85AE36973DB0}"
EndProject
Project("{8BC9CEB8-8B4A-11D0-8D11-00A0C91BC942}") = "Lab03.ControlTask05", "Lab03.ControlTask05\Lab03.ControlTask05.vcxproj", "{573E129F-0E43-46A9-B86A-16A4561309E9}"
EndProject
Project("{2150E333-8FDC-42A3-9474-1A3956D46DE8}") = "ITMO.CppCourse.Lab04", "ITMO.CppCourse.Lab04", "{C9CEA52F-A960-463A-B329-B2C2C60DE20B}"
EndProject
Project("{8BC9CEB8-8B4A-11D0-8D11-00A0C91BC942}") = "Lab04.Task01", "Lab04.Task01\Lab04.Task01.vcxproj", "{56F8D065-FD09-4E49-8AFD-43799AC6866A}"
EndProject
Project("{8BC9CEB8-8B4A-11D0-8D11-00A0C91BC942}") = "Lab04.Task02", "Lab04.Task02\Lab04.Task02.vcxproj", "{0D26E869-0512-4247-96FC-DC012356B216}"
EndProject
Project("{8BC9CEB8-8B4A-11D0-8D11-00A0C91BC942}") = "Lab04.ControlTask01", "Lab04.ControlTask01\Lab04.ControlTask01.vcxproj", "{32C38C76-D770-46F1-A3AF-F448C9E02A8B}"
EndProject
Project("{8BC9CEB8-8B4A-11D0-8D11-00A0C91BC942}") = "Lab04.ControlTask02", "Lab04.ControlTask02\Lab04.ControlTask02.vcxproj", "{A0919791-AC3B-47C0-AF8B-904E50C740F2}"
EndProject
Project("{2150E333-8FDC-42A3-9474-1A3956D46DE8}") = "ITMO.CppCourse.Lab05", "ITMO.CppCourse.Lab05", "{FB57621D-6FA6-4994-AE86-7B7C2EFC50FF}"
EndProject
Project("{8BC9CEB8-8B4A-11D0-8D11-00A0C91BC942}") = "Lab05.Task01", "Lab05.Task01\Lab05.Task01.vcxproj", "{F0CE2C6F-97E9-4B48-9527-254EB181E456}"
EndProject
Project("{8BC9CEB8-8B4A-11D0-8D11-00A0C91BC942}") = "Lab05.Task05", "Lab05.Task05\Lab05.Task05.vcxproj", "{95D0B3B4-D3F8-4D3F-AFD2-0386DB3B561E}"
EndProject
Project("{8BC9CEB8-8B4A-11D0-8D11-00A0C91BC942}") = "Lab05.Task02", "Lab05.Task02\Lab05.Task02.vcxproj", "{B144EEBA-B4EE-4FAF-8FA5-6FCD07D0B08E}"
EndProject
Project("{8BC9CEB8-8B4A-11D0-8D11-00A0C91BC942}") = "Lab05.Task03", "Lab05.Task03\Lab05.Task03.vcxproj", "{A7A72080-2F40-4EC1-AA46-CFB2FE321C91}"
EndProject
Project("{8BC9CEB8-8B4A-11D0-8D11-00A0C91BC942}") = "Lab05.Task04", "Lab05.Task04\Lab05.Task04.vcxproj", "{C9A15624-A70E-44F6-A5E0-CB97C96E5AF0}"
EndProject
Project("{8BC9CEB8-8B4A-11D0-8D11-00A0C91BC942}") = "Lab05.ControlTask01", "Lab05.ControlTask01\Lab05.ControlTask01.vcxproj", "{B8DEC8E6-D557-46AC-B386-7A9F66813927}"
EndProject
Project("{8BC9CEB8-8B4A-11D0-8D11-00A0C91BC942}") = "Lab05.ControlTask02", "Lab05.ControlTask02\Lab05.ControlTask02.vcxproj", "{35F21457-3357-4A0C-8642-E37CC40F23D1}"
EndProject
Project("{8BC9CEB8-8B4A-11D0-8D11-00A0C91BC942}") = "Lab05.ControlTask03", "Lab05.ControlTask03\Lab05.ControlTask03.vcxproj", "{1EFF5D93-EE3D-40B2-A0FF-76AA0D219494}"
EndProject
Project("{8BC9CEB8-8B4A-11D0-8D11-00A0C91BC942}") = "Lab05.ControlTask04", "Lab05.ControlTask04\Lab05.ControlTask04.vcxproj", "{58430F7B-C4F2-4B77-A783-491DC7ED5DEA}"
EndProject
Project("{2150E333-8FDC-42A3-9474-1A3956D46DE8}") = "ITMO.CppCourse.Lab06", "ITMO.CppCourse.Lab06", "{3B5DDE82-A40D-4813-9884-2BCD6791BC48}"
EndProject
Project("{8BC9CEB8-8B4A-11D0-8D11-00A0C91BC942}") = "Lab06.Task01", "Lab06.Task01\Lab06.Task01.vcxproj", "{1B2D2C98-CF50-4C2A-9CD8-9DCC67D66167}"
EndProject
Project("{8BC9CEB8-8B4A-11D0-8D11-00A0C91BC942}") = "Lab06.Task02", "Lab06.Task02\Lab06.Task02.vcxproj", "{704845F3-69D1-4F0F-AE03-075F10C5A675}"
EndProject
Project("{8BC9CEB8-8B4A-11D0-8D11-00A0C91BC942}") = "Lab06.ControlTask01", "Lab06.ControlTask01\Lab06.ControlTask01.vcxproj", "{C6D6876E-296D-41B0-91F6-A881BF463F1A}"
EndProject
Project("{8BC9CEB8-8B4A-11D0-8D11-00A0C91BC942}") = "Lab06.ControlTask02", "Lab06.ControlTask02\Lab06.ControlTask02.vcxproj", "{B5972F69-FA77-48FF-A3FE-5E34E56E6463}"
EndProject
Project("{8BC9CEB8-8B4A-11D0-8D11-00A0C91BC942}") = "Lab06.ControlTask03", "Lab06.ControlTask03\Lab06.ControlTask03.vcxproj", "{460608F6-A121-4D6C-A375-B8BACFD2578A}"
EndProject
Project("{2150E333-8FDC-42A3-9474-1A3956D46DE8}") = "ITMO.CppCourse.Lab07", "ITMO.CppCourse.Lab07", "{63B71105-20A7-4769-8943-CCF3983B71F6}"
EndProject
Project("{8BC9CEB8-8B4A-11D0-8D11-00A0C91BC942}") = "Lab07.Task01", "Lab07.Task01\Lab07.Task01.vcxproj", "{BF25F46C-0277-4EC0-8853-BA32AD8DEBAF}"
EndProject
Project("{8BC9CEB8-8B4A-11D0-8D11-00A0C91BC942}") = "Lab07.Task02", "Lab07.Task02\Lab07.Task02.vcxproj", "{769DBED2-F1CF-46A6-95BE-5F32FC9ECCC4}"
EndProject
Project("{8BC9CEB8-8B4A-11D0-8D11-00A0C91BC942}") = "Lab07.Task03", "Lab07.Task03\Lab07.Task03.vcxproj", "{BD964C66-D094-4DB5-A75D-E3A62B822ED0}"
EndProject
Project("{8BC9CEB8-8B4A-11D0-8D11-00A0C91BC942}") = "Lab07.Task04", "Lab07.Task04\Lab07.Task04.vcxproj", "{4345C9DD-1741-4401-9F12-C857020D52A2}"
EndProject
Project("{8BC9CEB8-8B4A-11D0-8D11-00A0C91BC942}") = "Lab07.Task05", "Lab07.Task05\Lab07.Task05.vcxproj", "{0410DF5B-90D9-4249-AB48-4CDD4E5F4819}"
EndProject
Project("{8BC9CEB8-8B4A-11D0-8D11-00A0C91BC942}") = "Lab07.ControlTask01", "Lab07.ControlTask01\Lab07.ControlTask01.vcxproj", "{003D89FA-694D-410D-88C7-0FE09228170C}"
EndProject
Project("{8BC9CEB8-8B4A-11D0-8D11-00A0C91BC942}") = "Lab07.ControlTask02", "Lab07.ControlTask02\Lab07.ControlTask02.vcxproj", "{FC8BF3A1-BB19-4EC7-922F-68ABD8384CAD}"
EndProject
Project("{8BC9CEB8-8B4A-11D0-8D11-00A0C91BC942}") = "Lab07.ControlTask03", "Lab07.ControlTask03\Lab07.ControlTask03.vcxproj", "{AF58D653-B29C-466D-8F8F-A1E4CE67A55A}"
EndProject
Global
	GlobalSection(SolutionConfigurationPlatforms) = preSolution
		Debug|x64 = Debug|x64
		Debug|x86 = Debug|x86
		Release|x64 = Release|x64
		Release|x86 = Release|x86
	EndGlobalSection
	GlobalSection(ProjectConfigurationPlatforms) = postSolution
		{DFDF33E5-B59F-4353-8EFB-567FF4C41893}.Debug|x64.ActiveCfg = Debug|x64
		{DFDF33E5-B59F-4353-8EFB-567FF4C41893}.Debug|x64.Build.0 = Debug|x64
		{DFDF33E5-B59F-4353-8EFB-567FF4C41893}.Debug|x86.ActiveCfg = Debug|Win32
		{DFDF33E5-B59F-4353-8EFB-567FF4C41893}.Debug|x86.Build.0 = Debug|Win32
		{DFDF33E5-B59F-4353-8EFB-567FF4C41893}.Release|x64.ActiveCfg = Release|x64
		{DFDF33E5-B59F-4353-8EFB-567FF4C41893}.Release|x64.Build.0 = Release|x64
		{DFDF33E5-B59F-4353-8EFB-567FF4C41893}.Release|x86.ActiveCfg = Release|Win32
		{DFDF33E5-B59F-4353-8EFB-567FF4C41893}.Release|x86.Build.0 = Release|Win32
		{5BCF3228-AB18-4BF9-8D4B-70CF9361F803}.Debug|x64.ActiveCfg = Debug|x64
		{5BCF3228-AB18-4BF9-8D4B-70CF9361F803}.Debug|x64.Build.0 = Debug|x64
		{5BCF3228-AB18-4BF9-8D4B-70CF9361F803}.Debug|x86.ActiveCfg = Debug|Win32
		{5BCF3228-AB18-4BF9-8D4B-70CF9361F803}.Debug|x86.Build.0 = Debug|Win32
		{5BCF3228-AB18-4BF9-8D4B-70CF9361F803}.Release|x64.ActiveCfg = Release|x64
		{5BCF3228-AB18-4BF9-8D4B-70CF9361F803}.Release|x64.Build.0 = Release|x64
		{5BCF3228-AB18-4BF9-8D4B-70CF9361F803}.Release|x86.ActiveCfg = Release|Win32
		{5BCF3228-AB18-4BF9-8D4B-70CF9361F803}.Release|x86.Build.0 = Release|Win32
		{847F7826-9460-49F3-8FCB-FE5BD518D444}.Debug|x64.ActiveCfg = Debug|x64
		{847F7826-9460-49F3-8FCB-FE5BD518D444}.Debug|x64.Build.0 = Debug|x64
		{847F7826-9460-49F3-8FCB-FE5BD518D444}.Debug|x86.ActiveCfg = Debug|Win32
		{847F7826-9460-49F3-8FCB-FE5BD518D444}.Debug|x86.Build.0 = Debug|Win32
		{847F7826-9460-49F3-8FCB-FE5BD518D444}.Release|x64.ActiveCfg = Release|x64
		{847F7826-9460-49F3-8FCB-FE5BD518D444}.Release|x64.Build.0 = Release|x64
		{847F7826-9460-49F3-8FCB-FE5BD518D444}.Release|x86.ActiveCfg = Release|Win32
		{847F7826-9460-49F3-8FCB-FE5BD518D444}.Release|x86.Build.0 = Release|Win32
		{D4ACDCBB-383F-4519-B9D9-C45A9D37F653}.Debug|x64.ActiveCfg = Debug|x64
		{D4ACDCBB-383F-4519-B9D9-C45A9D37F653}.Debug|x64.Build.0 = Debug|x64
		{D4ACDCBB-383F-4519-B9D9-C45A9D37F653}.Debug|x86.ActiveCfg = Debug|Win32
		{D4ACDCBB-383F-4519-B9D9-C45A9D37F653}.Debug|x86.Build.0 = Debug|Win32
		{D4ACDCBB-383F-4519-B9D9-C45A9D37F653}.Release|x64.ActiveCfg = Release|x64
		{D4ACDCBB-383F-4519-B9D9-C45A9D37F653}.Release|x64.Build.0 = Release|x64
		{D4ACDCBB-383F-4519-B9D9-C45A9D37F653}.Release|x86.ActiveCfg = Release|Win32
		{D4ACDCBB-383F-4519-B9D9-C45A9D37F653}.Release|x86.Build.0 = Release|Win32
		{FD005140-2F25-4982-9C3B-7FE344CF8E53}.Debug|x64.ActiveCfg = Debug|x64
		{FD005140-2F25-4982-9C3B-7FE344CF8E53}.Debug|x64.Build.0 = Debug|x64
		{FD005140-2F25-4982-9C3B-7FE344CF8E53}.Debug|x86.ActiveCfg = Debug|Win32
		{FD005140-2F25-4982-9C3B-7FE344CF8E53}.Debug|x86.Build.0 = Debug|Win32
		{FD005140-2F25-4982-9C3B-7FE344CF8E53}.Release|x64.ActiveCfg = Release|x64
		{FD005140-2F25-4982-9C3B-7FE344CF8E53}.Release|x64.Build.0 = Release|x64
		{FD005140-2F25-4982-9C3B-7FE344CF8E53}.Release|x86.ActiveCfg = Release|Win32
		{FD005140-2F25-4982-9C3B-7FE344CF8E53}.Release|x86.Build.0 = Release|Win32
		{EB5F2D26-FB11-47EB-8C26-4F80A01CB71D}.Debug|x64.ActiveCfg = Debug|x64
		{EB5F2D26-FB11-47EB-8C26-4F80A01CB71D}.Debug|x64.Build.0 = Debug|x64
		{EB5F2D26-FB11-47EB-8C26-4F80A01CB71D}.Debug|x86.ActiveCfg = Debug|Win32
		{EB5F2D26-FB11-47EB-8C26-4F80A01CB71D}.Debug|x86.Build.0 = Debug|Win32
		{EB5F2D26-FB11-47EB-8C26-4F80A01CB71D}.Release|x64.ActiveCfg = Release|x64
		{EB5F2D26-FB11-47EB-8C26-4F80A01CB71D}.Release|x64.Build.0 = Release|x64
		{EB5F2D26-FB11-47EB-8C26-4F80A01CB71D}.Release|x86.ActiveCfg = Release|Win32
		{EB5F2D26-FB11-47EB-8C26-4F80A01CB71D}.Release|x86.Build.0 = Release|Win32
		{1A66C12F-2EC0-46B2-9340-4CAFDE5ACF03}.Debug|x64.ActiveCfg = Debug|x64
		{1A66C12F-2EC0-46B2-9340-4CAFDE5ACF03}.Debug|x64.Build.0 = Debug|x64
		{1A66C12F-2EC0-46B2-9340-4CAFDE5ACF03}.Debug|x86.ActiveCfg = Debug|Win32
		{1A66C12F-2EC0-46B2-9340-4CAFDE5ACF03}.Debug|x86.Build.0 = Debug|Win32
		{1A66C12F-2EC0-46B2-9340-4CAFDE5ACF03}.Release|x64.ActiveCfg = Release|x64
		{1A66C12F-2EC0-46B2-9340-4CAFDE5ACF03}.Release|x64.Build.0 = Release|x64
		{1A66C12F-2EC0-46B2-9340-4CAFDE5ACF03}.Release|x86.ActiveCfg = Release|Win32
		{1A66C12F-2EC0-46B2-9340-4CAFDE5ACF03}.Release|x86.Build.0 = Release|Win32
		{1043E3F5-A1BC-454E-A4B9-F437326A3035}.Debug|x64.ActiveCfg = Debug|x64
		{1043E3F5-A1BC-454E-A4B9-F437326A3035}.Debug|x64.Build.0 = Debug|x64
		{1043E3F5-A1BC-454E-A4B9-F437326A3035}.Debug|x86.ActiveCfg = Debug|Win32
		{1043E3F5-A1BC-454E-A4B9-F437326A3035}.Debug|x86.Build.0 = Debug|Win32
		{1043E3F5-A1BC-454E-A4B9-F437326A3035}.Release|x64.ActiveCfg = Release|x64
		{1043E3F5-A1BC-454E-A4B9-F437326A3035}.Release|x64.Build.0 = Release|x64
		{1043E3F5-A1BC-454E-A4B9-F437326A3035}.Release|x86.ActiveCfg = Release|Win32
		{1043E3F5-A1BC-454E-A4B9-F437326A3035}.Release|x86.Build.0 = Release|Win32
		{8C2FF5E8-FB22-4FC7-B65E-43FFD8D70F75}.Debug|x64.ActiveCfg = Debug|x64
		{8C2FF5E8-FB22-4FC7-B65E-43FFD8D70F75}.Debug|x64.Build.0 = Debug|x64
		{8C2FF5E8-FB22-4FC7-B65E-43FFD8D70F75}.Debug|x86.ActiveCfg = Debug|Win32
		{8C2FF5E8-FB22-4FC7-B65E-43FFD8D70F75}.Debug|x86.Build.0 = Debug|Win32
		{8C2FF5E8-FB22-4FC7-B65E-43FFD8D70F75}.Release|x64.ActiveCfg = Release|x64
		{8C2FF5E8-FB22-4FC7-B65E-43FFD8D70F75}.Release|x64.Build.0 = Release|x64
		{8C2FF5E8-FB22-4FC7-B65E-43FFD8D70F75}.Release|x86.ActiveCfg = Release|Win32
		{8C2FF5E8-FB22-4FC7-B65E-43FFD8D70F75}.Release|x86.Build.0 = Release|Win32
		{1C101CB4-D20A-4AB2-AE92-6C655DEF5418}.Debug|x64.ActiveCfg = Debug|x64
		{1C101CB4-D20A-4AB2-AE92-6C655DEF5418}.Debug|x64.Build.0 = Debug|x64
		{1C101CB4-D20A-4AB2-AE92-6C655DEF5418}.Debug|x86.ActiveCfg = Debug|Win32
		{1C101CB4-D20A-4AB2-AE92-6C655DEF5418}.Debug|x86.Build.0 = Debug|Win32
		{1C101CB4-D20A-4AB2-AE92-6C655DEF5418}.Release|x64.ActiveCfg = Release|x64
		{1C101CB4-D20A-4AB2-AE92-6C655DEF5418}.Release|x64.Build.0 = Release|x64
		{1C101CB4-D20A-4AB2-AE92-6C655DEF5418}.Release|x86.ActiveCfg = Release|Win32
		{1C101CB4-D20A-4AB2-AE92-6C655DEF5418}.Release|x86.Build.0 = Release|Win32
		{05827487-10CA-4824-A09E-3D787DCE0943}.Debug|x64.ActiveCfg = Debug|x64
		{05827487-10CA-4824-A09E-3D787DCE0943}.Debug|x64.Build.0 = Debug|x64
		{05827487-10CA-4824-A09E-3D787DCE0943}.Debug|x86.ActiveCfg = Debug|Win32
		{05827487-10CA-4824-A09E-3D787DCE0943}.Debug|x86.Build.0 = Debug|Win32
		{05827487-10CA-4824-A09E-3D787DCE0943}.Release|x64.ActiveCfg = Release|x64
		{05827487-10CA-4824-A09E-3D787DCE0943}.Release|x64.Build.0 = Release|x64
		{05827487-10CA-4824-A09E-3D787DCE0943}.Release|x86.ActiveCfg = Release|Win32
		{05827487-10CA-4824-A09E-3D787DCE0943}.Release|x86.Build.0 = Release|Win32
		{424CB9AA-8B3C-4196-81EA-84CD19DD5ADB}.Debug|x64.ActiveCfg = Debug|x64
		{424CB9AA-8B3C-4196-81EA-84CD19DD5ADB}.Debug|x64.Build.0 = Debug|x64
		{424CB9AA-8B3C-4196-81EA-84CD19DD5ADB}.Debug|x86.ActiveCfg = Debug|Win32
		{424CB9AA-8B3C-4196-81EA-84CD19DD5ADB}.Debug|x86.Build.0 = Debug|Win32
		{424CB9AA-8B3C-4196-81EA-84CD19DD5ADB}.Release|x64.ActiveCfg = Release|x64
		{424CB9AA-8B3C-4196-81EA-84CD19DD5ADB}.Release|x64.Build.0 = Release|x64
		{424CB9AA-8B3C-4196-81EA-84CD19DD5ADB}.Release|x86.ActiveCfg = Release|Win32
		{424CB9AA-8B3C-4196-81EA-84CD19DD5ADB}.Release|x86.Build.0 = Release|Win32
		{ACC92FC0-4D71-4973-92BE-3C743301F6DA}.Debug|x64.ActiveCfg = Debug|x64
		{ACC92FC0-4D71-4973-92BE-3C743301F6DA}.Debug|x64.Build.0 = Debug|x64
		{ACC92FC0-4D71-4973-92BE-3C743301F6DA}.Debug|x86.ActiveCfg = Debug|Win32
		{ACC92FC0-4D71-4973-92BE-3C743301F6DA}.Debug|x86.Build.0 = Debug|Win32
		{ACC92FC0-4D71-4973-92BE-3C743301F6DA}.Release|x64.ActiveCfg = Release|x64
		{ACC92FC0-4D71-4973-92BE-3C743301F6DA}.Release|x64.Build.0 = Release|x64
		{ACC92FC0-4D71-4973-92BE-3C743301F6DA}.Release|x86.ActiveCfg = Release|Win32
		{ACC92FC0-4D71-4973-92BE-3C743301F6DA}.Release|x86.Build.0 = Release|Win32
		{C62125E9-9D46-4F03-9661-32F064444A83}.Debug|x64.ActiveCfg = Debug|x64
		{C62125E9-9D46-4F03-9661-32F064444A83}.Debug|x64.Build.0 = Debug|x64
		{C62125E9-9D46-4F03-9661-32F064444A83}.Debug|x86.ActiveCfg = Debug|Win32
		{C62125E9-9D46-4F03-9661-32F064444A83}.Debug|x86.Build.0 = Debug|Win32
		{C62125E9-9D46-4F03-9661-32F064444A83}.Release|x64.ActiveCfg = Release|x64
		{C62125E9-9D46-4F03-9661-32F064444A83}.Release|x64.Build.0 = Release|x64
		{C62125E9-9D46-4F03-9661-32F064444A83}.Release|x86.ActiveCfg = Release|Win32
		{C62125E9-9D46-4F03-9661-32F064444A83}.Release|x86.Build.0 = Release|Win32
		{43C545BF-571C-4247-83A5-7F801859D8A6}.Debug|x64.ActiveCfg = Debug|x64
		{43C545BF-571C-4247-83A5-7F801859D8A6}.Debug|x64.Build.0 = Debug|x64
		{43C545BF-571C-4247-83A5-7F801859D8A6}.Debug|x86.ActiveCfg = Debug|Win32
		{43C545BF-571C-4247-83A5-7F801859D8A6}.Debug|x86.Build.0 = Debug|Win32
		{43C545BF-571C-4247-83A5-7F801859D8A6}.Release|x64.ActiveCfg = Release|x64
		{43C545BF-571C-4247-83A5-7F801859D8A6}.Release|x64.Build.0 = Release|x64
		{43C545BF-571C-4247-83A5-7F801859D8A6}.Release|x86.ActiveCfg = Release|Win32
		{43C545BF-571C-4247-83A5-7F801859D8A6}.Release|x86.Build.0 = Release|Win32
		{DF980E42-9806-4F1F-8916-F69373E6FC33}.Debug|x64.ActiveCfg = Debug|x64
		{DF980E42-9806-4F1F-8916-F69373E6FC33}.Debug|x64.Build.0 = Debug|x64
		{DF980E42-9806-4F1F-8916-F69373E6FC33}.Debug|x86.ActiveCfg = Debug|Win32
		{DF980E42-9806-4F1F-8916-F69373E6FC33}.Debug|x86.Build.0 = Debug|Win32
		{DF980E42-9806-4F1F-8916-F69373E6FC33}.Release|x64.ActiveCfg = Release|x64
		{DF980E42-9806-4F1F-8916-F69373E6FC33}.Release|x64.Build.0 = Release|x64
		{DF980E42-9806-4F1F-8916-F69373E6FC33}.Release|x86.ActiveCfg = Release|Win32
		{DF980E42-9806-4F1F-8916-F69373E6FC33}.Release|x86.Build.0 = Release|Win32
		{C0841DC7-9A57-4C72-A7E5-ACC689390679}.Debug|x64.ActiveCfg = Debug|x64
		{C0841DC7-9A57-4C72-A7E5-ACC689390679}.Debug|x64.Build.0 = Debug|x64
		{C0841DC7-9A57-4C72-A7E5-ACC689390679}.Debug|x86.ActiveCfg = Debug|Win32
		{C0841DC7-9A57-4C72-A7E5-ACC689390679}.Debug|x86.Build.0 = Debug|Win32
		{C0841DC7-9A57-4C72-A7E5-ACC689390679}.Release|x64.ActiveCfg = Release|x64
		{C0841DC7-9A57-4C72-A7E5-ACC689390679}.Release|x64.Build.0 = Release|x64
		{C0841DC7-9A57-4C72-A7E5-ACC689390679}.Release|x86.ActiveCfg = Release|Win32
		{C0841DC7-9A57-4C72-A7E5-ACC689390679}.Release|x86.Build.0 = Release|Win32
		{29539BA0-4D7C-408B-8E0F-F0DD6B0420CC}.Debug|x64.ActiveCfg = Debug|x64
		{29539BA0-4D7C-408B-8E0F-F0DD6B0420CC}.Debug|x64.Build.0 = Debug|x64
		{29539BA0-4D7C-408B-8E0F-F0DD6B0420CC}.Debug|x86.ActiveCfg = Debug|Win32
		{29539BA0-4D7C-408B-8E0F-F0DD6B0420CC}.Debug|x86.Build.0 = Debug|Win32
		{29539BA0-4D7C-408B-8E0F-F0DD6B0420CC}.Release|x64.ActiveCfg = Release|x64
		{29539BA0-4D7C-408B-8E0F-F0DD6B0420CC}.Release|x64.Build.0 = Release|x64
		{29539BA0-4D7C-408B-8E0F-F0DD6B0420CC}.Release|x86.ActiveCfg = Release|Win32
		{29539BA0-4D7C-408B-8E0F-F0DD6B0420CC}.Release|x86.Build.0 = Release|Win32
		{6F9ACFEF-F7AB-43F1-8626-94D1BDF76F49}.Debug|x64.ActiveCfg = Debug|x64
		{6F9ACFEF-F7AB-43F1-8626-94D1BDF76F49}.Debug|x64.Build.0 = Debug|x64
		{6F9ACFEF-F7AB-43F1-8626-94D1BDF76F49}.Debug|x86.ActiveCfg = Debug|Win32
		{6F9ACFEF-F7AB-43F1-8626-94D1BDF76F49}.Debug|x86.Build.0 = Debug|Win32
		{6F9ACFEF-F7AB-43F1-8626-94D1BDF76F49}.Release|x64.ActiveCfg = Release|x64
		{6F9ACFEF-F7AB-43F1-8626-94D1BDF76F49}.Release|x64.Build.0 = Release|x64
		{6F9ACFEF-F7AB-43F1-8626-94D1BDF76F49}.Release|x86.ActiveCfg = Release|Win32
		{6F9ACFEF-F7AB-43F1-8626-94D1BDF76F49}.Release|x86.Build.0 = Release|Win32
		{8A88F94D-DE49-4D3F-A083-D398CD4B766F}.Debug|x64.ActiveCfg = Debug|x64
		{8A88F94D-DE49-4D3F-A083-D398CD4B766F}.Debug|x64.Build.0 = Debug|x64
		{8A88F94D-DE49-4D3F-A083-D398CD4B766F}.Debug|x86.ActiveCfg = Debug|Win32
		{8A88F94D-DE49-4D3F-A083-D398CD4B766F}.Debug|x86.Build.0 = Debug|Win32
		{8A88F94D-DE49-4D3F-A083-D398CD4B766F}.Release|x64.ActiveCfg = Release|x64
		{8A88F94D-DE49-4D3F-A083-D398CD4B766F}.Release|x64.Build.0 = Release|x64
		{8A88F94D-DE49-4D3F-A083-D398CD4B766F}.Release|x86.ActiveCfg = Release|Win32
		{8A88F94D-DE49-4D3F-A083-D398CD4B766F}.Release|x86.Build.0 = Release|Win32
		{C5960B8B-4499-47CD-97FF-F1A7E22A78B8}.Debug|x64.ActiveCfg = Debug|x64
		{C5960B8B-4499-47CD-97FF-F1A7E22A78B8}.Debug|x64.Build.0 = Debug|x64
		{C5960B8B-4499-47CD-97FF-F1A7E22A78B8}.Debug|x86.ActiveCfg = Debug|Win32
		{C5960B8B-4499-47CD-97FF-F1A7E22A78B8}.Debug|x86.Build.0 = Debug|Win32
		{C5960B8B-4499-47CD-97FF-F1A7E22A78B8}.Release|x64.ActiveCfg = Release|x64
		{C5960B8B-4499-47CD-97FF-F1A7E22A78B8}.Release|x64.Build.0 = Release|x64
		{C5960B8B-4499-47CD-97FF-F1A7E22A78B8}.Release|x86.ActiveCfg = Release|Win32
		{C5960B8B-4499-47CD-97FF-F1A7E22A78B8}.Release|x86.Build.0 = Release|Win32
		{97DCC9A4-D3AE-45D8-8E76-85AE36973DB0}.Debug|x64.ActiveCfg = Debug|x64
		{97DCC9A4-D3AE-45D8-8E76-85AE36973DB0}.Debug|x64.Build.0 = Debug|x64
		{97DCC9A4-D3AE-45D8-8E76-85AE36973DB0}.Debug|x86.ActiveCfg = Debug|Win32
		{97DCC9A4-D3AE-45D8-8E76-85AE36973DB0}.Debug|x86.Build.0 = Debug|Win32
		{97DCC9A4-D3AE-45D8-8E76-85AE36973DB0}.Release|x64.ActiveCfg = Release|x64
		{97DCC9A4-D3AE-45D8-8E76-85AE36973DB0}.Release|x64.Build.0 = Release|x64
		{97DCC9A4-D3AE-45D8-8E76-85AE36973DB0}.Release|x86.ActiveCfg = Release|Win32
		{97DCC9A4-D3AE-45D8-8E76-85AE36973DB0}.Release|x86.Build.0 = Release|Win32
		{573E129F-0E43-46A9-B86A-16A4561309E9}.Debug|x64.ActiveCfg = Debug|x64
		{573E129F-0E43-46A9-B86A-16A4561309E9}.Debug|x64.Build.0 = Debug|x64
		{573E129F-0E43-46A9-B86A-16A4561309E9}.Debug|x86.ActiveCfg = Debug|Win32
		{573E129F-0E43-46A9-B86A-16A4561309E9}.Debug|x86.Build.0 = Debug|Win32
		{573E129F-0E43-46A9-B86A-16A4561309E9}.Release|x64.ActiveCfg = Release|x64
		{573E129F-0E43-46A9-B86A-16A4561309E9}.Release|x64.Build.0 = Release|x64
		{573E129F-0E43-46A9-B86A-16A4561309E9}.Release|x86.ActiveCfg = Release|Win32
		{573E129F-0E43-46A9-B86A-16A4561309E9}.Release|x86.Build.0 = Release|Win32
		{56F8D065-FD09-4E49-8AFD-43799AC6866A}.Debug|x64.ActiveCfg = Debug|x64
		{56F8D065-FD09-4E49-8AFD-43799AC6866A}.Debug|x64.Build.0 = Debug|x64
		{56F8D065-FD09-4E49-8AFD-43799AC6866A}.Debug|x86.ActiveCfg = Debug|Win32
		{56F8D065-FD09-4E49-8AFD-43799AC6866A}.Debug|x86.Build.0 = Debug|Win32
		{56F8D065-FD09-4E49-8AFD-43799AC6866A}.Release|x64.ActiveCfg = Release|x64
		{56F8D065-FD09-4E49-8AFD-43799AC6866A}.Release|x64.Build.0 = Release|x64
		{56F8D065-FD09-4E49-8AFD-43799AC6866A}.Release|x86.ActiveCfg = Release|Win32
		{56F8D065-FD09-4E49-8AFD-43799AC6866A}.Release|x86.Build.0 = Release|Win32
		{0D26E869-0512-4247-96FC-DC012356B216}.Debug|x64.ActiveCfg = Debug|x64
		{0D26E869-0512-4247-96FC-DC012356B216}.Debug|x64.Build.0 = Debug|x64
		{0D26E869-0512-4247-96FC-DC012356B216}.Debug|x86.ActiveCfg = Debug|Win32
		{0D26E869-0512-4247-96FC-DC012356B216}.Debug|x86.Build.0 = Debug|Win32
		{0D26E869-0512-4247-96FC-DC012356B216}.Release|x64.ActiveCfg = Release|x64
		{0D26E869-0512-4247-96FC-DC012356B216}.Release|x64.Build.0 = Release|x64
		{0D26E869-0512-4247-96FC-DC012356B216}.Release|x86.ActiveCfg = Release|Win32
		{0D26E869-0512-4247-96FC-DC012356B216}.Release|x86.Build.0 = Release|Win32
		{32C38C76-D770-46F1-A3AF-F448C9E02A8B}.Debug|x64.ActiveCfg = Debug|x64
		{32C38C76-D770-46F1-A3AF-F448C9E02A8B}.Debug|x64.Build.0 = Debug|x64
		{32C38C76-D770-46F1-A3AF-F448C9E02A8B}.Debug|x86.ActiveCfg = Debug|Win32
		{32C38C76-D770-46F1-A3AF-F448C9E02A8B}.Debug|x86.Build.0 = Debug|Win32
		{32C38C76-D770-46F1-A3AF-F448C9E02A8B}.Release|x64.ActiveCfg = Release|x64
		{32C38C76-D770-46F1-A3AF-F448C9E02A8B}.Release|x64.Build.0 = Release|x64
		{32C38C76-D770-46F1-A3AF-F448C9E02A8B}.Release|x86.ActiveCfg = Release|Win32
		{32C38C76-D770-46F1-A3AF-F448C9E02A8B}.Release|x86.Build.0 = Release|Win32
		{A0919791-AC3B-47C0-AF8B-904E50C740F2}.Debug|x64.ActiveCfg = Debug|x64
		{A0919791-AC3B-47C0-AF8B-904E50C740F2}.Debug|x64.Build.0 = Debug|x64
		{A0919791-AC3B-47C0-AF8B-904E50C740F2}.Debug|x86.ActiveCfg = Debug|Win32
		{A0919791-AC3B-47C0-AF8B-904E50C740F2}.Debug|x86.Build.0 = Debug|Win32
		{A0919791-AC3B-47C0-AF8B-904E50C740F2}.Release|x64.ActiveCfg = Release|x64
		{A0919791-AC3B-47C0-AF8B-904E50C740F2}.Release|x64.Build.0 = Release|x64
		{A0919791-AC3B-47C0-AF8B-904E50C740F2}.Release|x86.ActiveCfg = Release|Win32
		{A0919791-AC3B-47C0-AF8B-904E50C740F2}.Release|x86.Build.0 = Release|Win32
		{F0CE2C6F-97E9-4B48-9527-254EB181E456}.Debug|x64.ActiveCfg = Debug|x64
		{F0CE2C6F-97E9-4B48-9527-254EB181E456}.Debug|x64.Build.0 = Debug|x64
		{F0CE2C6F-97E9-4B48-9527-254EB181E456}.Debug|x86.ActiveCfg = Debug|Win32
		{F0CE2C6F-97E9-4B48-9527-254EB181E456}.Debug|x86.Build.0 = Debug|Win32
		{F0CE2C6F-97E9-4B48-9527-254EB181E456}.Release|x64.ActiveCfg = Release|x64
		{F0CE2C6F-97E9-4B48-9527-254EB181E456}.Release|x64.Build.0 = Release|x64
		{F0CE2C6F-97E9-4B48-9527-254EB181E456}.Release|x86.ActiveCfg = Release|Win32
		{F0CE2C6F-97E9-4B48-9527-254EB181E456}.Release|x86.Build.0 = Release|Win32
		{95D0B3B4-D3F8-4D3F-AFD2-0386DB3B561E}.Debug|x64.ActiveCfg = Debug|x64
		{95D0B3B4-D3F8-4D3F-AFD2-0386DB3B561E}.Debug|x64.Build.0 = Debug|x64
		{95D0B3B4-D3F8-4D3F-AFD2-0386DB3B561E}.Debug|x86.ActiveCfg = Debug|Win32
		{95D0B3B4-D3F8-4D3F-AFD2-0386DB3B561E}.Debug|x86.Build.0 = Debug|Win32
		{95D0B3B4-D3F8-4D3F-AFD2-0386DB3B561E}.Release|x64.ActiveCfg = Release|x64
		{95D0B3B4-D3F8-4D3F-AFD2-0386DB3B561E}.Release|x64.Build.0 = Release|x64
		{95D0B3B4-D3F8-4D3F-AFD2-0386DB3B561E}.Release|x86.ActiveCfg = Release|Win32
		{95D0B3B4-D3F8-4D3F-AFD2-0386DB3B561E}.Release|x86.Build.0 = Release|Win32
		{B144EEBA-B4EE-4FAF-8FA5-6FCD07D0B08E}.Debug|x64.ActiveCfg = Debug|x64
		{B144EEBA-B4EE-4FAF-8FA5-6FCD07D0B08E}.Debug|x64.Build.0 = Debug|x64
		{B144EEBA-B4EE-4FAF-8FA5-6FCD07D0B08E}.Debug|x86.ActiveCfg = Debug|Win32
		{B144EEBA-B4EE-4FAF-8FA5-6FCD07D0B08E}.Debug|x86.Build.0 = Debug|Win32
		{B144EEBA-B4EE-4FAF-8FA5-6FCD07D0B08E}.Release|x64.ActiveCfg = Release|x64
		{B144EEBA-B4EE-4FAF-8FA5-6FCD07D0B08E}.Release|x64.Build.0 = Release|x64
		{B144EEBA-B4EE-4FAF-8FA5-6FCD07D0B08E}.Release|x86.ActiveCfg = Release|Win32
		{B144EEBA-B4EE-4FAF-8FA5-6FCD07D0B08E}.Release|x86.Build.0 = Release|Win32
		{A7A72080-2F40-4EC1-AA46-CFB2FE321C91}.Debug|x64.ActiveCfg = Debug|x64
		{A7A72080-2F40-4EC1-AA46-CFB2FE321C91}.Debug|x64.Build.0 = Debug|x64
		{A7A72080-2F40-4EC1-AA46-CFB2FE321C91}.Debug|x86.ActiveCfg = Debug|Win32
		{A7A72080-2F40-4EC1-AA46-CFB2FE321C91}.Debug|x86.Build.0 = Debug|Win32
		{A7A72080-2F40-4EC1-AA46-CFB2FE321C91}.Release|x64.ActiveCfg = Release|x64
		{A7A72080-2F40-4EC1-AA46-CFB2FE321C91}.Release|x64.Build.0 = Release|x64
		{A7A72080-2F40-4EC1-AA46-CFB2FE321C91}.Release|x86.ActiveCfg = Release|Win32
		{A7A72080-2F40-4EC1-AA46-CFB2FE321C91}.Release|x86.Build.0 = Release|Win32
		{C9A15624-A70E-44F6-A5E0-CB97C96E5AF0}.Debug|x64.ActiveCfg = Debug|x64
		{C9A15624-A70E-44F6-A5E0-CB97C96E5AF0}.Debug|x64.Build.0 = Debug|x64
		{C9A15624-A70E-44F6-A5E0-CB97C96E5AF0}.Debug|x86.ActiveCfg = Debug|Win32
		{C9A15624-A70E-44F6-A5E0-CB97C96E5AF0}.Debug|x86.Build.0 = Debug|Win32
		{C9A15624-A70E-44F6-A5E0-CB97C96E5AF0}.Release|x64.ActiveCfg = Release|x64
		{C9A15624-A70E-44F6-A5E0-CB97C96E5AF0}.Release|x64.Build.0 = Release|x64
		{C9A15624-A70E-44F6-A5E0-CB97C96E5AF0}.Release|x86.ActiveCfg = Release|Win32
		{C9A15624-A70E-44F6-A5E0-CB97C96E5AF0}.Release|x86.Build.0 = Release|Win32
		{B8DEC8E6-D557-46AC-B386-7A9F66813927}.Debug|x64.ActiveCfg = Debug|x64
		{B8DEC8E6-D557-46AC-B386-7A9F66813927}.Debug|x64.Build.0 = Debug|x64
		{B8DEC8E6-D557-46AC-B386-7A9F66813927}.Debug|x86.ActiveCfg = Debug|Win32
		{B8DEC8E6-D557-46AC-B386-7A9F66813927}.Debug|x86.Build.0 = Debug|Win32
		{B8DEC8E6-D557-46AC-B386-7A9F66813927}.Release|x64.ActiveCfg = Release|x64
		{B8DEC8E6-D557-46AC-B386-7A9F66813927}.Release|x64.Build.0 = Release|x64
		{B8DEC8E6-D557-46AC-B386-7A9F66813927}.Release|x86.ActiveCfg = Release|Win32
		{B8DEC8E6-D557-46AC-B386-7A9F66813927}.Release|x86.Build.0 = Release|Win32
		{35F21457-3357-4A0C-8642-E37CC40F23D1}.Debug|x64.ActiveCfg = Debug|x64
		{35F21457-3357-4A0C-8642-E37CC40F23D1}.Debug|x64.Build.0 = Debug|x64
		{35F21457-3357-4A0C-8642-E37CC40F23D1}.Debug|x86.ActiveCfg = Debug|Win32
		{35F21457-3357-4A0C-8642-E37CC40F23D1}.Debug|x86.Build.0 = Debug|Win32
		{35F21457-3357-4A0C-8642-E37CC40F23D1}.Release|x64.ActiveCfg = Release|x64
		{35F21457-3357-4A0C-8642-E37CC40F23D1}.Release|x64.Build.0 = Release|x64
		{35F21457-3357-4A0C-8642-E37CC40F23D1}.Release|x86.ActiveCfg = Release|Win32
		{35F21457-3357-4A0C-8642-E37CC40F23D1}.Release|x86.Build.0 = Release|Win32
		{1EFF5D93-EE3D-40B2-A0FF-76AA0D219494}.Debug|x64.ActiveCfg = Debug|x64
		{1EFF5D93-EE3D-40B2-A0FF-76AA0D219494}.Debug|x64.Build.0 = Debug|x64
		{1EFF5D93-EE3D-40B2-A0FF-76AA0D219494}.Debug|x86.ActiveCfg = Debug|Win32
		{1EFF5D93-EE3D-40B2-A0FF-76AA0D219494}.Debug|x86.Build.0 = Debug|Win32
		{1EFF5D93-EE3D-40B2-A0FF-76AA0D219494}.Release|x64.ActiveCfg = Release|x64
		{1EFF5D93-EE3D-40B2-A0FF-76AA0D219494}.Release|x64.Build.0 = Release|x64
		{1EFF5D93-EE3D-40B2-A0FF-76AA0D219494}.Release|x86.ActiveCfg = Release|Win32
		{1EFF5D93-EE3D-40B2-A0FF-76AA0D219494}.Release|x86.Build.0 = Release|Win32
		{58430F7B-C4F2-4B77-A783-491DC7ED5DEA}.Debug|x64.ActiveCfg = Debug|x64
		{58430F7B-C4F2-4B77-A783-491DC7ED5DEA}.Debug|x64.Build.0 = Debug|x64
		{58430F7B-C4F2-4B77-A783-491DC7ED5DEA}.Debug|x86.ActiveCfg = Debug|Win32
		{58430F7B-C4F2-4B77-A783-491DC7ED5DEA}.Debug|x86.Build.0 = Debug|Win32
		{58430F7B-C4F2-4B77-A783-491DC7ED5DEA}.Release|x64.ActiveCfg = Release|x64
		{58430F7B-C4F2-4B77-A783-491DC7ED5DEA}.Release|x64.Build.0 = Release|x64
		{58430F7B-C4F2-4B77-A783-491DC7ED5DEA}.Release|x86.ActiveCfg = Release|Win32
		{58430F7B-C4F2-4B77-A783-491DC7ED5DEA}.Release|x86.Build.0 = Release|Win32
		{1B2D2C98-CF50-4C2A-9CD8-9DCC67D66167}.Debug|x64.ActiveCfg = Debug|x64
		{1B2D2C98-CF50-4C2A-9CD8-9DCC67D66167}.Debug|x64.Build.0 = Debug|x64
		{1B2D2C98-CF50-4C2A-9CD8-9DCC67D66167}.Debug|x86.ActiveCfg = Debug|Win32
		{1B2D2C98-CF50-4C2A-9CD8-9DCC67D66167}.Debug|x86.Build.0 = Debug|Win32
		{1B2D2C98-CF50-4C2A-9CD8-9DCC67D66167}.Release|x64.ActiveCfg = Release|x64
		{1B2D2C98-CF50-4C2A-9CD8-9DCC67D66167}.Release|x64.Build.0 = Release|x64
		{1B2D2C98-CF50-4C2A-9CD8-9DCC67D66167}.Release|x86.ActiveCfg = Release|Win32
		{1B2D2C98-CF50-4C2A-9CD8-9DCC67D66167}.Release|x86.Build.0 = Release|Win32
		{704845F3-69D1-4F0F-AE03-075F10C5A675}.Debug|x64.ActiveCfg = Debug|x64
		{704845F3-69D1-4F0F-AE03-075F10C5A675}.Debug|x64.Build.0 = Debug|x64
		{704845F3-69D1-4F0F-AE03-075F10C5A675}.Debug|x86.ActiveCfg = Debug|Win32
		{704845F3-69D1-4F0F-AE03-075F10C5A675}.Debug|x86.Build.0 = Debug|Win32
		{704845F3-69D1-4F0F-AE03-075F10C5A675}.Release|x64.ActiveCfg = Release|x64
		{704845F3-69D1-4F0F-AE03-075F10C5A675}.Release|x64.Build.0 = Release|x64
		{704845F3-69D1-4F0F-AE03-075F10C5A675}.Release|x86.ActiveCfg = Release|Win32
		{704845F3-69D1-4F0F-AE03-075F10C5A675}.Release|x86.Build.0 = Release|Win32
		{C6D6876E-296D-41B0-91F6-A881BF463F1A}.Debug|x64.ActiveCfg = Debug|x64
		{C6D6876E-296D-41B0-91F6-A881BF463F1A}.Debug|x64.Build.0 = Debug|x64
		{C6D6876E-296D-41B0-91F6-A881BF463F1A}.Debug|x86.ActiveCfg = Debug|Win32
		{C6D6876E-296D-41B0-91F6-A881BF463F1A}.Debug|x86.Build.0 = Debug|Win32
		{C6D6876E-296D-41B0-91F6-A881BF463F1A}.Release|x64.ActiveCfg = Release|x64
		{C6D6876E-296D-41B0-91F6-A881BF463F1A}.Release|x64.Build.0 = Release|x64
		{C6D6876E-296D-41B0-91F6-A881BF463F1A}.Release|x86.ActiveCfg = Release|Win32
		{C6D6876E-296D-41B0-91F6-A881BF463F1A}.Release|x86.Build.0 = Release|Win32
		{B5972F69-FA77-48FF-A3FE-5E34E56E6463}.Debug|x64.ActiveCfg = Debug|x64
		{B5972F69-FA77-48FF-A3FE-5E34E56E6463}.Debug|x64.Build.0 = Debug|x64
		{B5972F69-FA77-48FF-A3FE-5E34E56E6463}.Debug|x86.ActiveCfg = Debug|Win32
		{B5972F69-FA77-48FF-A3FE-5E34E56E6463}.Debug|x86.Build.0 = Debug|Win32
		{B5972F69-FA77-48FF-A3FE-5E34E56E6463}.Release|x64.ActiveCfg = Release|x64
		{B5972F69-FA77-48FF-A3FE-5E34E56E6463}.Release|x64.Build.0 = Release|x64
		{B5972F69-FA77-48FF-A3FE-5E34E56E6463}.Release|x86.ActiveCfg = Release|Win32
		{B5972F69-FA77-48FF-A3FE-5E34E56E6463}.Release|x86.Build.0 = Release|Win32
		{460608F6-A121-4D6C-A375-B8BACFD2578A}.Debug|x64.ActiveCfg = Debug|x64
		{460608F6-A121-4D6C-A375-B8BACFD2578A}.Debug|x64.Build.0 = Debug|x64
		{460608F6-A121-4D6C-A375-B8BACFD2578A}.Debug|x86.ActiveCfg = Debug|Win32
		{460608F6-A121-4D6C-A375-B8BACFD2578A}.Debug|x86.Build.0 = Debug|Win32
		{460608F6-A121-4D6C-A375-B8BACFD2578A}.Release|x64.ActiveCfg = Release|x64
		{460608F6-A121-4D6C-A375-B8BACFD2578A}.Release|x64.Build.0 = Release|x64
		{460608F6-A121-4D6C-A375-B8BACFD2578A}.Release|x86.ActiveCfg = Release|Win32
		{460608F6-A121-4D6C-A375-B8BACFD2578A}.Release|x86.Build.0 = Release|Win32
		{BF25F46C-0277-4EC0-8853-BA32AD8DEBAF}.Debug|x64.ActiveCfg = Debug|x64
		{BF25F46C-0277-4EC0-8853-BA32AD8DEBAF}.Debug|x64.Build.0 = Debug|x64
		{BF25F46C-0277-4EC0-8853-BA32AD8DEBAF}.Debug|x86.ActiveCfg = Debug|Win32
		{BF25F46C-0277-4EC0-8853-BA32AD8DEBAF}.Debug|x86.Build.0 = Debug|Win32
		{BF25F46C-0277-4EC0-8853-BA32AD8DEBAF}.Release|x64.ActiveCfg = Release|x64
		{BF25F46C-0277-4EC0-8853-BA32AD8DEBAF}.Release|x64.Build.0 = Release|x64
		{BF25F46C-0277-4EC0-8853-BA32AD8DEBAF}.Release|x86.ActiveCfg = Release|Win32
		{BF25F46C-0277-4EC0-8853-BA32AD8DEBAF}.Release|x86.Build.0 = Release|Win32
		{769DBED2-F1CF-46A6-95BE-5F32FC9ECCC4}.Debug|x64.ActiveCfg = Debug|x64
		{769DBED2-F1CF-46A6-95BE-5F32FC9ECCC4}.Debug|x64.Build.0 = Debug|x64
		{769DBED2-F1CF-46A6-95BE-5F32FC9ECCC4}.Debug|x86.ActiveCfg = Debug|Win32
		{769DBED2-F1CF-46A6-95BE-5F32FC9ECCC4}.Debug|x86.Build.0 = Debug|Win32
		{769DBED2-F1CF-46A6-95BE-5F32FC9ECCC4}.Release|x64.ActiveCfg = Release|x64
		{769DBED2-F1CF-46A6-95BE-5F32FC9ECCC4}.Release|x64.Build.0 = Release|x64
		{769DBED2-F1CF-46A6-95BE-5F32FC9ECCC4}.Release|x86.ActiveCfg = Release|Win32
		{769DBED2-F1CF-46A6-95BE-5F32FC9ECCC4}.Release|x86.Build.0 = Release|Win32
		{BD964C66-D094-4DB5-A75D-E3A62B822ED0}.Debug|x64.ActiveCfg = Debug|x64
		{BD964C66-D094-4DB5-A75D-E3A62B822ED0}.Debug|x64.Build.0 = Debug|x64
		{BD964C66-D094-4DB5-A75D-E3A62B822ED0}.Debug|x86.ActiveCfg = Debug|Win32
		{BD964C66-D094-4DB5-A75D-E3A62B822ED0}.Debug|x86.Build.0 = Debug|Win32
		{BD964C66-D094-4DB5-A75D-E3A62B822ED0}.Release|x64.ActiveCfg = Release|x64
		{BD964C66-D094-4DB5-A75D-E3A62B822ED0}.Release|x64.Build.0 = Release|x64
		{BD964C66-D094-4DB5-A75D-E3A62B822ED0}.Release|x86.ActiveCfg = Release|Win32
		{BD964C66-D094-4DB5-A75D-E3A62B822ED0}.Release|x86.Build.0 = Release|Win32
		{4345C9DD-1741-4401-9F12-C857020D52A2}.Debug|x64.ActiveCfg = Debug|x64
		{4345C9DD-1741-4401-9F12-C857020D52A2}.Debug|x64.Build.0 = Debug|x64
		{4345C9DD-1741-4401-9F12-C857020D52A2}.Debug|x86.ActiveCfg = Debug|Win32
		{4345C9DD-1741-4401-9F12-C857020D52A2}.Debug|x86.Build.0 = Debug|Win32
		{4345C9DD-1741-4401-9F12-C857020D52A2}.Release|x64.ActiveCfg = Release|x64
		{4345C9DD-1741-4401-9F12-C857020D52A2}.Release|x64.Build.0 = Release|x64
		{4345C9DD-1741-4401-9F12-C857020D52A2}.Release|x86.ActiveCfg = Release|Win32
		{4345C9DD-1741-4401-9F12-C857020D52A2}.Release|x86.Build.0 = Release|Win32
		{0410DF5B-90D9-4249-AB48-4CDD4E5F4819}.Debug|x64.ActiveCfg = Debug|x64
		{0410DF5B-90D9-4249-AB48-4CDD4E5F4819}.Debug|x64.Build.0 = Debug|x64
		{0410DF5B-90D9-4249-AB48-4CDD4E5F4819}.Debug|x86.ActiveCfg = Debug|Win32
		{0410DF5B-90D9-4249-AB48-4CDD4E5F4819}.Debug|x86.Build.0 = Debug|Win32
		{0410DF5B-90D9-4249-AB48-4CDD4E5F4819}.Release|x64.ActiveCfg = Release|x64
		{0410DF5B-90D9-4249-AB48-4CDD4E5F4819}.Release|x64.Build.0 = Release|x64
		{0410DF5B-90D9-4249-AB48-4CDD4E5F4819}.Release|x86.ActiveCfg = Release|Win32
		{0410DF5B-90D9-4249-AB48-4CDD4E5F4819}.Release|x86.Build.0 = Release|Win32
		{003D89FA-694D-410D-88C7-0FE09228170C}.Debug|x64.ActiveCfg = Debug|x64
		{003D89FA-694D-410D-88C7-0FE09228170C}.Debug|x64.Build.0 = Debug|x64
		{003D89FA-694D-410D-88C7-0FE09228170C}.Debug|x86.ActiveCfg = Debug|Win32
		{003D89FA-694D-410D-88C7-0FE09228170C}.Debug|x86.Build.0 = Debug|Win32
		{003D89FA-694D-410D-88C7-0FE09228170C}.Release|x64.ActiveCfg = Release|x64
		{003D89FA-694D-410D-88C7-0FE09228170C}.Release|x64.Build.0 = Release|x64
		{003D89FA-694D-410D-88C7-0FE09228170C}.Release|x86.ActiveCfg = Release|Win32
		{003D89FA-694D-410D-88C7-0FE09228170C}.Release|x86.Build.0 = Release|Win32
		{FC8BF3A1-BB19-4EC7-922F-68ABD8384CAD}.Debug|x64.ActiveCfg = Debug|x64
		{FC8BF3A1-BB19-4EC7-922F-68ABD8384CAD}.Debug|x64.Build.0 = Debug|x64
		{FC8BF3A1-BB19-4EC7-922F-68ABD8384CAD}.Debug|x86.ActiveCfg = Debug|Win32
		{FC8BF3A1-BB19-4EC7-922F-68ABD8384CAD}.Debug|x86.Build.0 = Debug|Win32
		{FC8BF3A1-BB19-4EC7-922F-68ABD8384CAD}.Release|x64.ActiveCfg = Release|x64
		{FC8BF3A1-BB19-4EC7-922F-68ABD8384CAD}.Release|x64.Build.0 = Release|x64
		{FC8BF3A1-BB19-4EC7-922F-68ABD8384CAD}.Release|x86.ActiveCfg = Release|Win32
		{FC8BF3A1-BB19-4EC7-922F-68ABD8384CAD}.Release|x86.Build.0 = Release|Win32
		{AF58D653-B29C-466D-8F8F-A1E4CE67A55A}.Debug|x64.ActiveCfg = Debug|x64
		{AF58D653-B29C-466D-8F8F-A1E4CE67A55A}.Debug|x64.Build.0 = Debug|x64
		{AF58D653-B29C-466D-8F8F-A1E4CE67A55A}.Debug|x86.ActiveCfg = Debug|Win32
		{AF58D653-B29C-466D-8F8F-A1E4CE67A55A}.Debug|x86.Build.0 = Debug|Win32
		{AF58D653-B29C-466D-8F8F-A1E4CE67A55A}.Release|x64.ActiveCfg = Release|x64
		{AF58D653-B29C-466D-8F8F-A1E4CE67A55A}.Release|x64.Build.0 = Release|x64
		{AF58D653-B29C-466D-8F8F-A1E4CE67A55A}.Release|x86.ActiveCfg = Release|Win32
		{AF58D653-B29C-466D-8F8F-A1E4CE67A55A}.Release|x86.Build.0 = Release|Win32
	EndGlobalSection
	GlobalSection(SolutionProperties) = preSolution
		HideSolutionNode = FALSE
	EndGlobalSection
	GlobalSection(NestedProjects) = preSolution
		{5BCF3228-AB18-4BF9-8D4B-70CF9361F803} = {96BA54C5-2282-4011-AFF9-B85342612327}
		{847F7826-9460-49F3-8FCB-FE5BD518D444} = {96BA54C5-2282-4011-AFF9-B85342612327}
		{D4ACDCBB-383F-4519-B9D9-C45A9D37F653} = {96BA54C5-2282-4011-AFF9-B85342612327}
		{FD005140-2F25-4982-9C3B-7FE344CF8E53} = {96BA54C5-2282-4011-AFF9-B85342612327}
		{EB5F2D26-FB11-47EB-8C26-4F80A01CB71D} = {0460F43B-35E3-47C3-8887-94E9C6356256}
		{1A66C12F-2EC0-46B2-9340-4CAFDE5ACF03} = {0460F43B-35E3-47C3-8887-94E9C6356256}
		{1043E3F5-A1BC-454E-A4B9-F437326A3035} = {0460F43B-35E3-47C3-8887-94E9C6356256}
		{8C2FF5E8-FB22-4FC7-B65E-43FFD8D70F75} = {0460F43B-35E3-47C3-8887-94E9C6356256}
		{1C101CB4-D20A-4AB2-AE92-6C655DEF5418} = {0460F43B-35E3-47C3-8887-94E9C6356256}
		{05827487-10CA-4824-A09E-3D787DCE0943} = {0460F43B-35E3-47C3-8887-94E9C6356256}
		{424CB9AA-8B3C-4196-81EA-84CD19DD5ADB} = {0460F43B-35E3-47C3-8887-94E9C6356256}
		{ACC92FC0-4D71-4973-92BE-3C743301F6DA} = {0460F43B-35E3-47C3-8887-94E9C6356256}
		{C62125E9-9D46-4F03-9661-32F064444A83} = {D19C2558-D55F-4EA5-9246-95406EC489D4}
		{43C545BF-571C-4247-83A5-7F801859D8A6} = {D19C2558-D55F-4EA5-9246-95406EC489D4}
		{DF980E42-9806-4F1F-8916-F69373E6FC33} = {D19C2558-D55F-4EA5-9246-95406EC489D4}
		{C0841DC7-9A57-4C72-A7E5-ACC689390679} = {D19C2558-D55F-4EA5-9246-95406EC489D4}
		{29539BA0-4D7C-408B-8E0F-F0DD6B0420CC} = {D19C2558-D55F-4EA5-9246-95406EC489D4}
		{6F9ACFEF-F7AB-43F1-8626-94D1BDF76F49} = {D19C2558-D55F-4EA5-9246-95406EC489D4}
		{8A88F94D-DE49-4D3F-A083-D398CD4B766F} = {D19C2558-D55F-4EA5-9246-95406EC489D4}
		{C5960B8B-4499-47CD-97FF-F1A7E22A78B8} = {D19C2558-D55F-4EA5-9246-95406EC489D4}
		{97DCC9A4-D3AE-45D8-8E76-85AE36973DB0} = {D19C2558-D55F-4EA5-9246-95406EC489D4}
		{573E129F-0E43-46A9-B86A-16A4561309E9} = {D19C2558-D55F-4EA5-9246-95406EC489D4}
		{56F8D065-FD09-4E49-8AFD-43799AC6866A} = {C9CEA52F-A960-463A-B329-B2C2C60DE20B}
		{0D26E869-0512-4247-96FC-DC012356B216} = {C9CEA52F-A960-463A-B329-B2C2C60DE20B}
		{32C38C76-D770-46F1-A3AF-F448C9E02A8B} = {C9CEA52F-A960-463A-B329-B2C2C60DE20B}
		{A0919791-AC3B-47C0-AF8B-904E50C740F2} = {C9CEA52F-A960-463A-B329-B2C2C60DE20B}
		{F0CE2C6F-97E9-4B48-9527-254EB181E456} = {FB57621D-6FA6-4994-AE86-7B7C2EFC50FF}
		{95D0B3B4-D3F8-4D3F-AFD2-0386DB3B561E} = {FB57621D-6FA6-4994-AE86-7B7C2EFC50FF}
		{B144EEBA-B4EE-4FAF-8FA5-6FCD07D0B08E} = {FB57621D-6FA6-4994-AE86-7B7C2EFC50FF}
		{A7A72080-2F40-4EC1-AA46-CFB2FE321C91} = {FB57621D-6FA6-4994-AE86-7B7C2EFC50FF}
		{C9A15624-A70E-44F6-A5E0-CB97C96E5AF0} = {FB57621D-6FA6-4994-AE86-7B7C2EFC50FF}
		{B8DEC8E6-D557-46AC-B386-7A9F66813927} = {FB57621D-6FA6-4994-AE86-7B7C2EFC50FF}
		{35F21457-3357-4A0C-8642-E37CC40F23D1} = {FB57621D-6FA6-4994-AE86-7B7C2EFC50FF}
		{1EFF5D93-EE3D-40B2-A0FF-76AA0D219494} = {FB57621D-6FA6-4994-AE86-7B7C2EFC50FF}
		{58430F7B-C4F2-4B77-A783-491DC7ED5DEA} = {FB57621D-6FA6-4994-AE86-7B7C2EFC50FF}
		{1B2D2C98-CF50-4C2A-9CD8-9DCC67D66167} = {3B5DDE82-A40D-4813-9884-2BCD6791BC48}
		{704845F3-69D1-4F0F-AE03-075F10C5A675} = {3B5DDE82-A40D-4813-9884-2BCD6791BC48}
		{C6D6876E-296D-41B0-91F6-A881BF463F1A} = {3B5DDE82-A40D-4813-9884-2BCD6791BC48}
		{B5972F69-FA77-48FF-A3FE-5E34E56E6463} = {3B5DDE82-A40D-4813-9884-2BCD6791BC48}
		{460608F6-A121-4D6C-A375-B8BACFD2578A} = {3B5DDE82-A40D-4813-9884-2BCD6791BC48}
		{BF25F46C-0277-4EC0-8853-BA32AD8DEBAF} = {63B71105-20A7-4769-8943-CCF3983B71F6}
		{769DBED2-F1CF-46A6-95BE-5F32FC9ECCC4} = {63B71105-20A7-4769-8943-CCF3983B71F6}
		{BD964C66-D094-4DB5-A75D-E3A62B822ED0} = {63B71105-20A7-4769-8943-CCF3983B71F6}
		{4345C9DD-1741-4401-9F12-C857020D52A2} = {63B71105-20A7-4769-8943-CCF3983B71F6}
		{0410DF5B-90D9-4249-AB48-4CDD4E5F4819} = {63B71105-20A7-4769-8943-CCF3983B71F6}
		{003D89FA-694D-410D-88C7-0FE09228170C} = {63B71105-20A7-4769-8943-CCF3983B71F6}
		{FC8BF3A1-BB19-4EC7-922F-68ABD8384CAD} = {63B71105-20A7-4769-8943-CCF3983B71F6}
		{AF58D653-B29C-466D-8F8F-A1E4CE67A55A} = {63B71105-20A7-4769-8943-CCF3983B71F6}
	EndGlobalSection
	GlobalSection(ExtensibilityGlobals) = postSolution
		SolutionGuid = {F3AA66D4-7593-4AE5-9080-36F9821F6EA0}
	EndGlobalSection
EndGlobal
