
Microsoft Visual Studio Solution File, Format Version 12.00
# Visual Studio Version 17
VisualStudioVersion = 17.5.33424.131
MinimumVisualStudioVersion = 10.0.40219.1
Project("{8BC9CEB8-8B4A-11D0-8D11-00A0C91BC942}") = "Lab00.Test", "Lab00.Test\Lab00.Test.vcxproj", "{DFDF33E5-B59F-4353-8EFB-567FF4C41893}"
EndProject
Project("{2150E333-8FDC-42A3-9474-1A3956D46DE8}") = "ITMO.CppCourse.Lab01", "ITMO.CppCourse.Lab01", "{96BA54C5-2282-4011-AFF9-B85342612327}"
EndProject
Project("{2150E333-8FDC-42A3-9474-1A3956D46DE8}") = "ITMO.CppCourse.Lab02", "ITMO.CppCourse.Lab02", "{0460F43B-35E3-47C3-8887-94E9C6356256}"
EndProject
Project("{8BC9CEB8-8B4A-11D0-8D11-00A0C91BC942}") = "Lab01.Task01", "Lab01.Task01\Lab01.Task01.vcxproj", "{5BCF3228-AB18-4BF9-8D4B-70CF9361F803}"
EndProject
Project("{8BC9CEB8-8B4A-11D0-8D11-00A0C91BC942}") = "Lab01.Task02", "Lab01.Task02\Lab01.Task02.vcxproj", "{847F7826-9460-49F3-8FCB-FE5BD518D444}"
EndProject
Project("{8BC9CEB8-8B4A-11D0-8D11-00A0C91BC942}") = "Lab01.Task03", "Lab01.Task03\Lab01.Task03.vcxproj", "{D4ACDCBB-383F-4519-B9D9-C45A9D37F653}"
EndProject
Project("{8BC9CEB8-8B4A-11D0-8D11-00A0C91BC942}") = "Lab01.ControlTask", "Lab01.ControlTask\Lab01.ControlTask.vcxproj", "{FD005140-2F25-4982-9C3B-7FE344CF8E53}"
EndProject
Project("{8BC9CEB8-8B4A-11D0-8D11-00A0C91BC942}") = "Lab02.Task01", "Lab02.Task01\Lab02.Task01.vcxproj", "{EB5F2D26-FB11-47EB-8C26-4F80A01CB71D}"
EndProject
Project("{8BC9CEB8-8B4A-11D0-8D11-00A0C91BC942}") = "Lab02.Task02", "Lab02.Task02\Lab02.Task02.vcxproj", "{1A66C12F-2EC0-46B2-9340-4CAFDE5ACF03}"
EndProject
Project("{8BC9CEB8-8B4A-11D0-8D11-00A0C91BC942}") = "Lab02.Task03", "Lab02.Task03\Lab02.Task03.vcxproj", "{1043E3F5-A1BC-454E-A4B9-F437326A3035}"
EndProject
Project("{8BC9CEB8-8B4A-11D0-8D11-00A0C91BC942}") = "Lab02.Task04", "Lab02.Task04\Lab02.Task04.vcxproj", "{8C2FF5E8-FB22-4FC7-B65E-43FFD8D70F75}"
EndProject
Project("{8BC9CEB8-8B4A-11D0-8D11-00A0C91BC942}") = "Lab02.ControlTask01", "Lab02.ControlTask01\Lab02.ControlTask01.vcxproj", "{1C101CB4-D20A-4AB2-AE92-6C655DEF5418}"
EndProject
Project("{8BC9CEB8-8B4A-11D0-8D11-00A0C91BC942}") = "Lab02.ControlTask02", "Lab02.ControlTask02\Lab02.ControlTask02.vcxproj", "{05827487-10CA-4824-A09E-3D787DCE0943}"
EndProject
Project("{8BC9CEB8-8B4A-11D0-8D11-00A0C91BC942}") = "Lab02.ControlTask03", "Lab02.ControlTask03\Lab02.ControlTask03.vcxproj", "{424CB9AA-8B3C-4196-81EA-84CD19DD5ADB}"
EndProject
Project("{8BC9CEB8-8B4A-11D0-8D11-00A0C91BC942}") = "Lab02.ControlTask04", "Lab02.ControlTask04\Lab02.ControlTask04.vcxproj", "{ACC92FC0-4D71-4973-92BE-3C743301F6DA}"
EndProject
Global
	GlobalSection(SolutionConfigurationPlatforms) = preSolution
		Debug|x64 = Debug|x64
		Debug|x86 = Debug|x86
		Release|x64 = Release|x64
		Release|x86 = Release|x86
	EndGlobalSection
	GlobalSection(ProjectConfigurationPlatforms) = postSolution
		{DFDF33E5-B59F-4353-8EFB-567FF4C41893}.Debug|x64.ActiveCfg = Debug|x64
		{DFDF33E5-B59F-4353-8EFB-567FF4C41893}.Debug|x64.Build.0 = Debug|x64
		{DFDF33E5-B59F-4353-8EFB-567FF4C41893}.Debug|x86.ActiveCfg = Debug|Win32
		{DFDF33E5-B59F-4353-8EFB-567FF4C41893}.Debug|x86.Build.0 = Debug|Win32
		{DFDF33E5-B59F-4353-8EFB-567FF4C41893}.Release|x64.ActiveCfg = Release|x64
		{DFDF33E5-B59F-4353-8EFB-567FF4C41893}.Release|x64.Build.0 = Release|x64
		{DFDF33E5-B59F-4353-8EFB-567FF4C41893}.Release|x86.ActiveCfg = Release|Win32
		{DFDF33E5-B59F-4353-8EFB-567FF4C41893}.Release|x86.Build.0 = Release|Win32
		{5BCF3228-AB18-4BF9-8D4B-70CF9361F803}.Debug|x64.ActiveCfg = Debug|x64
		{5BCF3228-AB18-4BF9-8D4B-70CF9361F803}.Debug|x64.Build.0 = Debug|x64
		{5BCF3228-AB18-4BF9-8D4B-70CF9361F803}.Debug|x86.ActiveCfg = Debug|Win32
		{5BCF3228-AB18-4BF9-8D4B-70CF9361F803}.Debug|x86.Build.0 = Debug|Win32
		{5BCF3228-AB18-4BF9-8D4B-70CF9361F803}.Release|x64.ActiveCfg = Release|x64
		{5BCF3228-AB18-4BF9-8D4B-70CF9361F803}.Release|x64.Build.0 = Release|x64
		{5BCF3228-AB18-4BF9-8D4B-70CF9361F803}.Release|x86.ActiveCfg = Release|Win32
		{5BCF3228-AB18-4BF9-8D4B-70CF9361F803}.Release|x86.Build.0 = Release|Win32
		{847F7826-9460-49F3-8FCB-FE5BD518D444}.Debug|x64.ActiveCfg = Debug|x64
		{847F7826-9460-49F3-8FCB-FE5BD518D444}.Debug|x64.Build.0 = Debug|x64
		{847F7826-9460-49F3-8FCB-FE5BD518D444}.Debug|x86.ActiveCfg = Debug|Win32
		{847F7826-9460-49F3-8FCB-FE5BD518D444}.Debug|x86.Build.0 = Debug|Win32
		{847F7826-9460-49F3-8FCB-FE5BD518D444}.Release|x64.ActiveCfg = Release|x64
		{847F7826-9460-49F3-8FCB-FE5BD518D444}.Release|x64.Build.0 = Release|x64
		{847F7826-9460-49F3-8FCB-FE5BD518D444}.Release|x86.ActiveCfg = Release|Win32
		{847F7826-9460-49F3-8FCB-FE5BD518D444}.Release|x86.Build.0 = Release|Win32
		{D4ACDCBB-383F-4519-B9D9-C45A9D37F653}.Debug|x64.ActiveCfg = Debug|x64
		{D4ACDCBB-383F-4519-B9D9-C45A9D37F653}.Debug|x64.Build.0 = Debug|x64
		{D4ACDCBB-383F-4519-B9D9-C45A9D37F653}.Debug|x86.ActiveCfg = Debug|Win32
		{D4ACDCBB-383F-4519-B9D9-C45A9D37F653}.Debug|x86.Build.0 = Debug|Win32
		{D4ACDCBB-383F-4519-B9D9-C45A9D37F653}.Release|x64.ActiveCfg = Release|x64
		{D4ACDCBB-383F-4519-B9D9-C45A9D37F653}.Release|x64.Build.0 = Release|x64
		{D4ACDCBB-383F-4519-B9D9-C45A9D37F653}.Release|x86.ActiveCfg = Release|Win32
		{D4ACDCBB-383F-4519-B9D9-C45A9D37F653}.Release|x86.Build.0 = Release|Win32
		{FD005140-2F25-4982-9C3B-7FE344CF8E53}.Debug|x64.ActiveCfg = Debug|x64
		{FD005140-2F25-4982-9C3B-7FE344CF8E53}.Debug|x64.Build.0 = Debug|x64
		{FD005140-2F25-4982-9C3B-7FE344CF8E53}.Debug|x86.ActiveCfg = Debug|Win32
		{FD005140-2F25-4982-9C3B-7FE344CF8E53}.Debug|x86.Build.0 = Debug|Win32
		{FD005140-2F25-4982-9C3B-7FE344CF8E53}.Release|x64.ActiveCfg = Release|x64
		{FD005140-2F25-4982-9C3B-7FE344CF8E53}.Release|x64.Build.0 = Release|x64
		{FD005140-2F25-4982-9C3B-7FE344CF8E53}.Release|x86.ActiveCfg = Release|Win32
		{FD005140-2F25-4982-9C3B-7FE344CF8E53}.Release|x86.Build.0 = Release|Win32
		{EB5F2D26-FB11-47EB-8C26-4F80A01CB71D}.Debug|x64.ActiveCfg = Debug|x64
		{EB5F2D26-FB11-47EB-8C26-4F80A01CB71D}.Debug|x64.Build.0 = Debug|x64
		{EB5F2D26-FB11-47EB-8C26-4F80A01CB71D}.Debug|x86.ActiveCfg = Debug|Win32
		{EB5F2D26-FB11-47EB-8C26-4F80A01CB71D}.Debug|x86.Build.0 = Debug|Win32
		{EB5F2D26-FB11-47EB-8C26-4F80A01CB71D}.Release|x64.ActiveCfg = Release|x64
		{EB5F2D26-FB11-47EB-8C26-4F80A01CB71D}.Release|x64.Build.0 = Release|x64
		{EB5F2D26-FB11-47EB-8C26-4F80A01CB71D}.Release|x86.ActiveCfg = Release|Win32
		{EB5F2D26-FB11-47EB-8C26-4F80A01CB71D}.Release|x86.Build.0 = Release|Win32
		{1A66C12F-2EC0-46B2-9340-4CAFDE5ACF03}.Debug|x64.ActiveCfg = Debug|x64
		{1A66C12F-2EC0-46B2-9340-4CAFDE5ACF03}.Debug|x64.Build.0 = Debug|x64
		{1A66C12F-2EC0-46B2-9340-4CAFDE5ACF03}.Debug|x86.ActiveCfg = Debug|Win32
		{1A66C12F-2EC0-46B2-9340-4CAFDE5ACF03}.Debug|x86.Build.0 = Debug|Win32
		{1A66C12F-2EC0-46B2-9340-4CAFDE5ACF03}.Release|x64.ActiveCfg = Release|x64
		{1A66C12F-2EC0-46B2-9340-4CAFDE5ACF03}.Release|x64.Build.0 = Release|x64
		{1A66C12F-2EC0-46B2-9340-4CAFDE5ACF03}.Release|x86.ActiveCfg = Release|Win32
		{1A66C12F-2EC0-46B2-9340-4CAFDE5ACF03}.Release|x86.Build.0 = Release|Win32
		{1043E3F5-A1BC-454E-A4B9-F437326A3035}.Debug|x64.ActiveCfg = Debug|x64
		{1043E3F5-A1BC-454E-A4B9-F437326A3035}.Debug|x64.Build.0 = Debug|x64
		{1043E3F5-A1BC-454E-A4B9-F437326A3035}.Debug|x86.ActiveCfg = Debug|Win32
		{1043E3F5-A1BC-454E-A4B9-F437326A3035}.Debug|x86.Build.0 = Debug|Win32
		{1043E3F5-A1BC-454E-A4B9-F437326A3035}.Release|x64.ActiveCfg = Release|x64
		{1043E3F5-A1BC-454E-A4B9-F437326A3035}.Release|x64.Build.0 = Release|x64
		{1043E3F5-A1BC-454E-A4B9-F437326A3035}.Release|x86.ActiveCfg = Release|Win32
		{1043E3F5-A1BC-454E-A4B9-F437326A3035}.Release|x86.Build.0 = Release|Win32
		{8C2FF5E8-FB22-4FC7-B65E-43FFD8D70F75}.Debug|x64.ActiveCfg = Debug|x64
		{8C2FF5E8-FB22-4FC7-B65E-43FFD8D70F75}.Debug|x64.Build.0 = Debug|x64
		{8C2FF5E8-FB22-4FC7-B65E-43FFD8D70F75}.Debug|x86.ActiveCfg = Debug|Win32
		{8C2FF5E8-FB22-4FC7-B65E-43FFD8D70F75}.Debug|x86.Build.0 = Debug|Win32
		{8C2FF5E8-FB22-4FC7-B65E-43FFD8D70F75}.Release|x64.ActiveCfg = Release|x64
		{8C2FF5E8-FB22-4FC7-B65E-43FFD8D70F75}.Release|x64.Build.0 = Release|x64
		{8C2FF5E8-FB22-4FC7-B65E-43FFD8D70F75}.Release|x86.ActiveCfg = Release|Win32
		{8C2FF5E8-FB22-4FC7-B65E-43FFD8D70F75}.Release|x86.Build.0 = Release|Win32
		{1C101CB4-D20A-4AB2-AE92-6C655DEF5418}.Debug|x64.ActiveCfg = Debug|x64
		{1C101CB4-D20A-4AB2-AE92-6C655DEF5418}.Debug|x64.Build.0 = Debug|x64
		{1C101CB4-D20A-4AB2-AE92-6C655DEF5418}.Debug|x86.ActiveCfg = Debug|Win32
		{1C101CB4-D20A-4AB2-AE92-6C655DEF5418}.Debug|x86.Build.0 = Debug|Win32
		{1C101CB4-D20A-4AB2-AE92-6C655DEF5418}.Release|x64.ActiveCfg = Release|x64
		{1C101CB4-D20A-4AB2-AE92-6C655DEF5418}.Release|x64.Build.0 = Release|x64
		{1C101CB4-D20A-4AB2-AE92-6C655DEF5418}.Release|x86.ActiveCfg = Release|Win32
		{1C101CB4-D20A-4AB2-AE92-6C655DEF5418}.Release|x86.Build.0 = Release|Win32
		{05827487-10CA-4824-A09E-3D787DCE0943}.Debug|x64.ActiveCfg = Debug|x64
		{05827487-10CA-4824-A09E-3D787DCE0943}.Debug|x64.Build.0 = Debug|x64
		{05827487-10CA-4824-A09E-3D787DCE0943}.Debug|x86.ActiveCfg = Debug|Win32
		{05827487-10CA-4824-A09E-3D787DCE0943}.Debug|x86.Build.0 = Debug|Win32
		{05827487-10CA-4824-A09E-3D787DCE0943}.Release|x64.ActiveCfg = Release|x64
		{05827487-10CA-4824-A09E-3D787DCE0943}.Release|x64.Build.0 = Release|x64
		{05827487-10CA-4824-A09E-3D787DCE0943}.Release|x86.ActiveCfg = Release|Win32
		{05827487-10CA-4824-A09E-3D787DCE0943}.Release|x86.Build.0 = Release|Win32
		{424CB9AA-8B3C-4196-81EA-84CD19DD5ADB}.Debug|x64.ActiveCfg = Debug|x64
		{424CB9AA-8B3C-4196-81EA-84CD19DD5ADB}.Debug|x64.Build.0 = Debug|x64
		{424CB9AA-8B3C-4196-81EA-84CD19DD5ADB}.Debug|x86.ActiveCfg = Debug|Win32
		{424CB9AA-8B3C-4196-81EA-84CD19DD5ADB}.Debug|x86.Build.0 = Debug|Win32
		{424CB9AA-8B3C-4196-81EA-84CD19DD5ADB}.Release|x64.ActiveCfg = Release|x64
		{424CB9AA-8B3C-4196-81EA-84CD19DD5ADB}.Release|x64.Build.0 = Release|x64
		{424CB9AA-8B3C-4196-81EA-84CD19DD5ADB}.Release|x86.ActiveCfg = Release|Win32
		{424CB9AA-8B3C-4196-81EA-84CD19DD5ADB}.Release|x86.Build.0 = Release|Win32
		{ACC92FC0-4D71-4973-92BE-3C743301F6DA}.Debug|x64.ActiveCfg = Debug|x64
		{ACC92FC0-4D71-4973-92BE-3C743301F6DA}.Debug|x64.Build.0 = Debug|x64
		{ACC92FC0-4D71-4973-92BE-3C743301F6DA}.Debug|x86.ActiveCfg = Debug|Win32
		{ACC92FC0-4D71-4973-92BE-3C743301F6DA}.Debug|x86.Build.0 = Debug|Win32
		{ACC92FC0-4D71-4973-92BE-3C743301F6DA}.Release|x64.ActiveCfg = Release|x64
		{ACC92FC0-4D71-4973-92BE-3C743301F6DA}.Release|x64.Build.0 = Release|x64
		{ACC92FC0-4D71-4973-92BE-3C743301F6DA}.Release|x86.ActiveCfg = Release|Win32
		{ACC92FC0-4D71-4973-92BE-3C743301F6DA}.Release|x86.Build.0 = Release|Win32
	EndGlobalSection
	GlobalSection(SolutionProperties) = preSolution
		HideSolutionNode = FALSE
	EndGlobalSection
	GlobalSection(NestedProjects) = preSolution
		{5BCF3228-AB18-4BF9-8D4B-70CF9361F803} = {96BA54C5-2282-4011-AFF9-B85342612327}
		{847F7826-9460-49F3-8FCB-FE5BD518D444} = {96BA54C5-2282-4011-AFF9-B85342612327}
		{D4ACDCBB-383F-4519-B9D9-C45A9D37F653} = {96BA54C5-2282-4011-AFF9-B85342612327}
		{FD005140-2F25-4982-9C3B-7FE344CF8E53} = {96BA54C5-2282-4011-AFF9-B85342612327}
		{EB5F2D26-FB11-47EB-8C26-4F80A01CB71D} = {0460F43B-35E3-47C3-8887-94E9C6356256}
		{1A66C12F-2EC0-46B2-9340-4CAFDE5ACF03} = {0460F43B-35E3-47C3-8887-94E9C6356256}
		{1043E3F5-A1BC-454E-A4B9-F437326A3035} = {0460F43B-35E3-47C3-8887-94E9C6356256}
		{8C2FF5E8-FB22-4FC7-B65E-43FFD8D70F75} = {0460F43B-35E3-47C3-8887-94E9C6356256}
		{1C101CB4-D20A-4AB2-AE92-6C655DEF5418} = {0460F43B-35E3-47C3-8887-94E9C6356256}
		{05827487-10CA-4824-A09E-3D787DCE0943} = {0460F43B-35E3-47C3-8887-94E9C6356256}
		{424CB9AA-8B3C-4196-81EA-84CD19DD5ADB} = {0460F43B-35E3-47C3-8887-94E9C6356256}
		{ACC92FC0-4D71-4973-92BE-3C743301F6DA} = {0460F43B-35E3-47C3-8887-94E9C6356256}
	EndGlobalSection
	GlobalSection(ExtensibilityGlobals) = postSolution
		SolutionGuid = {F3AA66D4-7593-4AE5-9080-36F9821F6EA0}
	EndGlobalSection
EndGlobal
